
Microsoft Visual Studio Solution File, Format Version 12.00
# Visual Studio 14
VisualStudioVersion = 14.0.25123.0
MinimumVisualStudioVersion = 10.0.40219.1
Project("{FAE04EC0-301F-11D3-BF4B-00C04F79EFBC}") = "CustomerLibrary", "CustomerLibrary\CustomerLibrary.csproj", "{C13740BD-2074-4989-91EE-745145030EED}"
EndProject
Project("{FAE04EC0-301F-11D3-BF4B-00C04F79EFBC}") = "WindowsCustomerUI", "WindowsCustomerUI\WindowsCustomerUI.csproj", "{93D784D4-7B58-4852-BC3F-94F9F58E044C}"
EndProject
Project("{FAE04EC0-301F-11D3-BF4B-00C04F79EFBC}") = "DataAccess", "DataAccess\DataAccess.csproj", "{A8DF4FC5-5982-436B-B159-C85B595C45D6}"
EndProject
Project("{2150E333-8FDC-42A3-9474-1A3956D46DE8}") = "01 Design patterns", "01 Design patterns", "{3641C623-0597-4F13-9610-3C41D0FE8647}"
EndProject
Project("{2150E333-8FDC-42A3-9474-1A3956D46DE8}") = "03 DAL", "03 DAL", "{7E879B0E-22FE-4650-B712-1C7F8A0AF8FB}"
EndProject
Project("{2150E333-8FDC-42A3-9474-1A3956D46DE8}") = "02 Async", "02 Async", "{6FAB3C6E-9D31-4E37-AA57-5BA52BBAC919}"
EndProject
Project("{FAE04EC0-301F-11D3-BF4B-00C04F79EFBC}") = "ICustomerInterface", "ICustomerInterface\ICustomerInterface.csproj", "{292F3E1B-3B88-4DB6-A687-E86FFAAC88F0}"
EndProject
Project("{FAE04EC0-301F-11D3-BF4B-00C04F79EFBC}") = "FactoryCustomer", "FactoryCustomer\FactoryCustomer.csproj", "{B7DF3D30-18C0-445F-A197-CCB527E52AB4}"
EndProject
Project("{FAE04EC0-301F-11D3-BF4B-00C04F79EFBC}") = "async and wait", "async and wait\async and wait.csproj", "{5C71F3BD-C646-4B30-97D1-7DE8262CF138}"
EndProject
Project("{2150E333-8FDC-42A3-9474-1A3956D46DE8}") = "DP Library", "DP Library", "{FAC67D81-0845-46E1-BEA3-2AA41D171491}"
EndProject
Project("{FAE04EC0-301F-11D3-BF4B-00C04F79EFBC}") = "Creational.Adapter", "Creational.Adapter\Creational.Adapter.csproj", "{09712F34-4F85-4D41-9DAA-06CE7807EEF9}"
EndProject
Project("{FAE04EC0-301F-11D3-BF4B-00C04F79EFBC}") = "Structural.Bridge01", "Structure.Bridge\Structural.Bridge01.csproj", "{73FB4D23-FE1D-4532-8117-92CC85AE266F}"
EndProject
Project("{FAE04EC0-301F-11D3-BF4B-00C04F79EFBC}") = "Structural.Bridge02", "Structural.Bridge02\Structural.Bridge02.csproj", "{A2FD4389-2A73-46AC-9D29-7B8A45427D0C}"
EndProject
Project("{FAE04EC0-301F-11D3-BF4B-00C04F79EFBC}") = "NullObjectPattern", "NullObjectPattern\NullObjectPattern.csproj", "{CAD0E169-5733-42BB-B581-317290E1CE28}"
EndProject
Global
	GlobalSection(SolutionConfigurationPlatforms) = preSolution
		Debug|Any CPU = Debug|Any CPU
		Release|Any CPU = Release|Any CPU
	EndGlobalSection
	GlobalSection(ProjectConfigurationPlatforms) = postSolution
		{C13740BD-2074-4989-91EE-745145030EED}.Debug|Any CPU.ActiveCfg = Debug|Any CPU
		{C13740BD-2074-4989-91EE-745145030EED}.Debug|Any CPU.Build.0 = Debug|Any CPU
		{C13740BD-2074-4989-91EE-745145030EED}.Release|Any CPU.ActiveCfg = Release|Any CPU
		{C13740BD-2074-4989-91EE-745145030EED}.Release|Any CPU.Build.0 = Release|Any CPU
		{93D784D4-7B58-4852-BC3F-94F9F58E044C}.Debug|Any CPU.ActiveCfg = Debug|Any CPU
		{93D784D4-7B58-4852-BC3F-94F9F58E044C}.Debug|Any CPU.Build.0 = Debug|Any CPU
		{93D784D4-7B58-4852-BC3F-94F9F58E044C}.Release|Any CPU.ActiveCfg = Release|Any CPU
		{93D784D4-7B58-4852-BC3F-94F9F58E044C}.Release|Any CPU.Build.0 = Release|Any CPU
		{A8DF4FC5-5982-436B-B159-C85B595C45D6}.Debug|Any CPU.ActiveCfg = Debug|Any CPU
		{A8DF4FC5-5982-436B-B159-C85B595C45D6}.Debug|Any CPU.Build.0 = Debug|Any CPU
		{A8DF4FC5-5982-436B-B159-C85B595C45D6}.Release|Any CPU.ActiveCfg = Release|Any CPU
		{A8DF4FC5-5982-436B-B159-C85B595C45D6}.Release|Any CPU.Build.0 = Release|Any CPU
		{292F3E1B-3B88-4DB6-A687-E86FFAAC88F0}.Debug|Any CPU.ActiveCfg = Debug|Any CPU
		{292F3E1B-3B88-4DB6-A687-E86FFAAC88F0}.Debug|Any CPU.Build.0 = Debug|Any CPU
		{292F3E1B-3B88-4DB6-A687-E86FFAAC88F0}.Release|Any CPU.ActiveCfg = Release|Any CPU
		{292F3E1B-3B88-4DB6-A687-E86FFAAC88F0}.Release|Any CPU.Build.0 = Release|Any CPU
		{B7DF3D30-18C0-445F-A197-CCB527E52AB4}.Debug|Any CPU.ActiveCfg = Debug|Any CPU
		{B7DF3D30-18C0-445F-A197-CCB527E52AB4}.Debug|Any CPU.Build.0 = Debug|Any CPU
		{B7DF3D30-18C0-445F-A197-CCB527E52AB4}.Release|Any CPU.ActiveCfg = Release|Any CPU
		{B7DF3D30-18C0-445F-A197-CCB527E52AB4}.Release|Any CPU.Build.0 = Release|Any CPU
		{5C71F3BD-C646-4B30-97D1-7DE8262CF138}.Debug|Any CPU.ActiveCfg = Debug|Any CPU
		{5C71F3BD-C646-4B30-97D1-7DE8262CF138}.Debug|Any CPU.Build.0 = Debug|Any CPU
		{5C71F3BD-C646-4B30-97D1-7DE8262CF138}.Release|Any CPU.ActiveCfg = Release|Any CPU
		{5C71F3BD-C646-4B30-97D1-7DE8262CF138}.Release|Any CPU.Build.0 = Release|Any CPU
		{09712F34-4F85-4D41-9DAA-06CE7807EEF9}.Debug|Any CPU.ActiveCfg = Debug|Any CPU
		{09712F34-4F85-4D41-9DAA-06CE7807EEF9}.Debug|Any CPU.Build.0 = Debug|Any CPU
		{09712F34-4F85-4D41-9DAA-06CE7807EEF9}.Release|Any CPU.ActiveCfg = Release|Any CPU
		{09712F34-4F85-4D41-9DAA-06CE7807EEF9}.Release|Any CPU.Build.0 = Release|Any CPU
		{73FB4D23-FE1D-4532-8117-92CC85AE266F}.Debug|Any CPU.ActiveCfg = Debug|Any CPU
		{73FB4D23-FE1D-4532-8117-92CC85AE266F}.Debug|Any CPU.Build.0 = Debug|Any CPU
		{73FB4D23-FE1D-4532-8117-92CC85AE266F}.Release|Any CPU.ActiveCfg = Release|Any CPU
		{73FB4D23-FE1D-4532-8117-92CC85AE266F}.Release|Any CPU.Build.0 = Release|Any CPU
		{A2FD4389-2A73-46AC-9D29-7B8A45427D0C}.Debug|Any CPU.ActiveCfg = Debug|Any CPU
		{A2FD4389-2A73-46AC-9D29-7B8A45427D0C}.Debug|Any CPU.Build.0 = Debug|Any CPU
		{A2FD4389-2A73-46AC-9D29-7B8A45427D0C}.Release|Any CPU.ActiveCfg = Release|Any CPU
		{A2FD4389-2A73-46AC-9D29-7B8A45427D0C}.Release|Any CPU.Build.0 = Release|Any CPU
		{CAD0E169-5733-42BB-B581-317290E1CE28}.Debug|Any CPU.ActiveCfg = Debug|Any CPU
		{CAD0E169-5733-42BB-B581-317290E1CE28}.Debug|Any CPU.Build.0 = Debug|Any CPU
		{CAD0E169-5733-42BB-B581-317290E1CE28}.Release|Any CPU.ActiveCfg = Release|Any CPU
		{CAD0E169-5733-42BB-B581-317290E1CE28}.Release|Any CPU.Build.0 = Release|Any CPU
	EndGlobalSection
	GlobalSection(SolutionProperties) = preSolution
		HideSolutionNode = FALSE
	EndGlobalSection
	GlobalSection(NestedProjects) = preSolution
		{C13740BD-2074-4989-91EE-745145030EED} = {3641C623-0597-4F13-9610-3C41D0FE8647}
		{93D784D4-7B58-4852-BC3F-94F9F58E044C} = {3641C623-0597-4F13-9610-3C41D0FE8647}
		{A8DF4FC5-5982-436B-B159-C85B595C45D6} = {3641C623-0597-4F13-9610-3C41D0FE8647}
		{292F3E1B-3B88-4DB6-A687-E86FFAAC88F0} = {3641C623-0597-4F13-9610-3C41D0FE8647}
		{B7DF3D30-18C0-445F-A197-CCB527E52AB4} = {3641C623-0597-4F13-9610-3C41D0FE8647}
		{5C71F3BD-C646-4B30-97D1-7DE8262CF138} = {6FAB3C6E-9D31-4E37-AA57-5BA52BBAC919}
		{FAC67D81-0845-46E1-BEA3-2AA41D171491} = {3641C623-0597-4F13-9610-3C41D0FE8647}
		{09712F34-4F85-4D41-9DAA-06CE7807EEF9} = {FAC67D81-0845-46E1-BEA3-2AA41D171491}
		{73FB4D23-FE1D-4532-8117-92CC85AE266F} = {FAC67D81-0845-46E1-BEA3-2AA41D171491}
		{A2FD4389-2A73-46AC-9D29-7B8A45427D0C} = {FAC67D81-0845-46E1-BEA3-2AA41D171491}
		{CAD0E169-5733-42BB-B581-317290E1CE28} = {FAC67D81-0845-46E1-BEA3-2AA41D171491}
	EndGlobalSection
EndGlobal
